
Microsoft Visual Studio Solution File, Format Version 12.00
# Visual Studio Version 16
VisualStudioVersion = 16.0.30225.117
MinimumVisualStudioVersion = 10.0.40219.1
Project("{9A19103F-16F7-4668-BE54-9A1E7A4F7556}") = "CrossWorkersBookingSystem", "CrossWorkersBookingSystem\CrossWorkersBookingSystem.csproj", "{41E54480-DC0C-4A13-9595-6D36C48066B9}"
EndProject
Project("{9A19103F-16F7-4668-BE54-9A1E7A4F7556}") = "CrossWorkersBookingSystem.Data", "CrossWorkersBookingSystem.Data\CrossWorkersBookingSystem.Data.csproj", "{7B4F3BAC-16C4-469A-BBEC-B6AF84CDCC3B}"
EndProject
Project("{9A19103F-16F7-4668-BE54-9A1E7A4F7556}") = "CrossWorkersBookingSystem.Models", "CrossWorkersBookingSystem.Models\CrossWorkersBookingSystem.Models.csproj", "{F7E995AD-C00B-4EF6-9D00-DE4BF87FCB51}"
EndProject
Project("{9A19103F-16F7-4668-BE54-9A1E7A4F7556}") = "CrossWorkersBookingSystem.Services", "CrossWorkersBookingSystem.Services\CrossWorkersBookingSystem.Services.csproj", "{04A3F46A-2CEB-4819-A4A7-378EE8761AC7}"
EndProject
Project("{9A19103F-16F7-4668-BE54-9A1E7A4F7556}") = "CrossWorkersBookingSystem.Repositories", "CrossWorkersBookingSystem.Repositories\CrossWorkersBookingSystem.Repositories.csproj", "{0D57E394-AAF8-4A81-A061-010D7FA11760}"
EndProject
Project("{FAE04EC0-301F-11D3-BF4B-00C04F79EFBC}") = "CrossWorkersBookingSystem.Tests", "CrossWorkersBookingSystem.Tests\CrossWorkersBookingSystem.Tests.csproj", "{82D4E295-9073-4ECB-97EC-4C6E530CECE0}"
EndProject
Global
	GlobalSection(SolutionConfigurationPlatforms) = preSolution
		Debug|Any CPU = Debug|Any CPU
		Release|Any CPU = Release|Any CPU
	EndGlobalSection
	GlobalSection(ProjectConfigurationPlatforms) = postSolution
		{41E54480-DC0C-4A13-9595-6D36C48066B9}.Debug|Any CPU.ActiveCfg = Debug|Any CPU
		{41E54480-DC0C-4A13-9595-6D36C48066B9}.Debug|Any CPU.Build.0 = Debug|Any CPU
		{41E54480-DC0C-4A13-9595-6D36C48066B9}.Release|Any CPU.ActiveCfg = Release|Any CPU
		{41E54480-DC0C-4A13-9595-6D36C48066B9}.Release|Any CPU.Build.0 = Release|Any CPU
		{7B4F3BAC-16C4-469A-BBEC-B6AF84CDCC3B}.Debug|Any CPU.ActiveCfg = Debug|Any CPU
		{7B4F3BAC-16C4-469A-BBEC-B6AF84CDCC3B}.Debug|Any CPU.Build.0 = Debug|Any CPU
		{7B4F3BAC-16C4-469A-BBEC-B6AF84CDCC3B}.Release|Any CPU.ActiveCfg = Release|Any CPU
		{7B4F3BAC-16C4-469A-BBEC-B6AF84CDCC3B}.Release|Any CPU.Build.0 = Release|Any CPU
		{F7E995AD-C00B-4EF6-9D00-DE4BF87FCB51}.Debug|Any CPU.ActiveCfg = Debug|Any CPU
		{F7E995AD-C00B-4EF6-9D00-DE4BF87FCB51}.Debug|Any CPU.Build.0 = Debug|Any CPU
		{F7E995AD-C00B-4EF6-9D00-DE4BF87FCB51}.Release|Any CPU.ActiveCfg = Release|Any CPU
		{F7E995AD-C00B-4EF6-9D00-DE4BF87FCB51}.Release|Any CPU.Build.0 = Release|Any CPU
		{04A3F46A-2CEB-4819-A4A7-378EE8761AC7}.Debug|Any CPU.ActiveCfg = Debug|Any CPU
		{04A3F46A-2CEB-4819-A4A7-378EE8761AC7}.Debug|Any CPU.Build.0 = Debug|Any CPU
		{04A3F46A-2CEB-4819-A4A7-378EE8761AC7}.Release|Any CPU.ActiveCfg = Release|Any CPU
		{04A3F46A-2CEB-4819-A4A7-378EE8761AC7}.Release|Any CPU.Build.0 = Release|Any CPU
		{0D57E394-AAF8-4A81-A061-010D7FA11760}.Debug|Any CPU.ActiveCfg = Debug|Any CPU
		{0D57E394-AAF8-4A81-A061-010D7FA11760}.Debug|Any CPU.Build.0 = Debug|Any CPU
		{0D57E394-AAF8-4A81-A061-010D7FA11760}.Release|Any CPU.ActiveCfg = Release|Any CPU
		{0D57E394-AAF8-4A81-A061-010D7FA11760}.Release|Any CPU.Build.0 = Release|Any CPU
		{82D4E295-9073-4ECB-97EC-4C6E530CECE0}.Debug|Any CPU.ActiveCfg = Debug|Any CPU
		{82D4E295-9073-4ECB-97EC-4C6E530CECE0}.Debug|Any CPU.Build.0 = Debug|Any CPU
		{82D4E295-9073-4ECB-97EC-4C6E530CECE0}.Release|Any CPU.ActiveCfg = Release|Any CPU
		{82D4E295-9073-4ECB-97EC-4C6E530CECE0}.Release|Any CPU.Build.0 = Release|Any CPU
	EndGlobalSection
	GlobalSection(SolutionProperties) = preSolution
		HideSolutionNode = FALSE
	EndGlobalSection
	GlobalSection(ExtensibilityGlobals) = postSolution
		SolutionGuid = {2E7D2A99-A2C1-447E-BE62-D3EBECD803B7}
	EndGlobalSection
EndGlobal
